// !$*UTF8*$!
{
	archiveVersion = 1;
	classes = {
	};
	objectVersion = 46;
	objects = {

/* Begin PBXBuildFile section */
		442E2FD11E66025A00C6BA81 /* AppDelegate.swift in Sources */ = {isa = PBXBuildFile; fileRef = 442E2FD01E66025A00C6BA81 /* AppDelegate.swift */; };
		442E2FD31E66025A00C6BA81 /* ViewController.swift in Sources */ = {isa = PBXBuildFile; fileRef = 442E2FD21E66025A00C6BA81 /* ViewController.swift */; };
		442E2FD61E66025A00C6BA81 /* Main.storyboard in Resources */ = {isa = PBXBuildFile; fileRef = 442E2FD41E66025A00C6BA81 /* Main.storyboard */; };
		442E2FD81E66025A00C6BA81 /* Assets.xcassets in Resources */ = {isa = PBXBuildFile; fileRef = 442E2FD71E66025A00C6BA81 /* Assets.xcassets */; };
		442E2FDB1E66025A00C6BA81 /* LaunchScreen.storyboard in Resources */ = {isa = PBXBuildFile; fileRef = 442E2FD91E66025A00C6BA81 /* LaunchScreen.storyboard */; };
		44D14CB31E6BD42400E1DF59 /* ViewControllerConfiguraciones.swift in Sources */ = {isa = PBXBuildFile; fileRef = 44D14CB21E6BD42400E1DF59 /* ViewControllerConfiguraciones.swift */; };
		44D14CB51E6BD43D00E1DF59 /* ViewControllerTrofeos.swift in Sources */ = {isa = PBXBuildFile; fileRef = 44D14CB41E6BD43D00E1DF59 /* ViewControllerTrofeos.swift */; };
		44D14CB71E6CF0C700E1DF59 /* ViewControllerX.swift in Sources */ = {isa = PBXBuildFile; fileRef = 44D14CB61E6CF0C700E1DF59 /* ViewControllerX.swift */; };
/* End PBXBuildFile section */

/* Begin PBXFileReference section */
		442E2FCD1E66025A00C6BA81 /* NatureFinder.app */ = {isa = PBXFileReference; explicitFileType = wrapper.application; includeInIndex = 0; path = NatureFinder.app; sourceTree = BUILT_PRODUCTS_DIR; };
		442E2FD01E66025A00C6BA81 /* AppDelegate.swift */ = {isa = PBXFileReference; lastKnownFileType = sourcecode.swift; path = AppDelegate.swift; sourceTree = "<group>"; };
		442E2FD21E66025A00C6BA81 /* ViewController.swift */ = {isa = PBXFileReference; lastKnownFileType = sourcecode.swift; path = ViewController.swift; sourceTree = "<group>"; };
		442E2FD51E66025A00C6BA81 /* Base */ = {isa = PBXFileReference; lastKnownFileType = file.storyboard; name = Base; path = Base.lproj/Main.storyboard; sourceTree = "<group>"; };
		442E2FD71E66025A00C6BA81 /* Assets.xcassets */ = {isa = PBXFileReference; lastKnownFileType = folder.assetcatalog; path = Assets.xcassets; sourceTree = "<group>"; };
		442E2FDA1E66025A00C6BA81 /* Base */ = {isa = PBXFileReference; lastKnownFileType = file.storyboard; name = Base; path = Base.lproj/LaunchScreen.storyboard; sourceTree = "<group>"; };
		442E2FDC1E66025A00C6BA81 /* Info.plist */ = {isa = PBXFileReference; lastKnownFileType = text.plist.xml; path = Info.plist; sourceTree = "<group>"; };
		44D14CB21E6BD42400E1DF59 /* ViewControllerConfiguraciones.swift */ = {isa = PBXFileReference; fileEncoding = 4; lastKnownFileType = sourcecode.swift; path = ViewControllerConfiguraciones.swift; sourceTree = "<group>"; };
		44D14CB41E6BD43D00E1DF59 /* ViewControllerTrofeos.swift */ = {isa = PBXFileReference; fileEncoding = 4; lastKnownFileType = sourcecode.swift; path = ViewControllerTrofeos.swift; sourceTree = "<group>"; };
		44D14CB61E6CF0C700E1DF59 /* ViewControllerX.swift */ = {isa = PBXFileReference; fileEncoding = 4; lastKnownFileType = sourcecode.swift; name = ViewControllerX.swift; path = ../ViewControllerX.swift; sourceTree = "<group>"; };
/* End PBXFileReference section */

/* Begin PBXFrameworksBuildPhase section */
		442E2FCA1E66025A00C6BA81 /* Frameworks */ = {
			isa = PBXFrameworksBuildPhase;
			buildActionMask = 2147483647;
			files = (
			);
			runOnlyForDeploymentPostprocessing = 0;
		};
/* End PBXFrameworksBuildPhase section */

/* Begin PBXGroup section */
		442E2FC41E66025A00C6BA81 = {
			isa = PBXGroup;
			children = (
				442E2FCF1E66025A00C6BA81 /* NatureFinder */,
				442E2FCE1E66025A00C6BA81 /* Products */,
			);
			sourceTree = "<group>";
		};
		442E2FCE1E66025A00C6BA81 /* Products */ = {
			isa = PBXGroup;
			children = (
				442E2FCD1E66025A00C6BA81 /* NatureFinder.app */,
			);
			name = Products;
			sourceTree = "<group>";
		};
		442E2FCF1E66025A00C6BA81 /* NatureFinder */ = {
			isa = PBXGroup;
			children = (
				442E2FD01E66025A00C6BA81 /* AppDelegate.swift */,
				442E2FD21E66025A00C6BA81 /* ViewController.swift */,
				44D14CB61E6CF0C700E1DF59 /* ViewControllerX.swift */,
				44D14CB41E6BD43D00E1DF59 /* ViewControllerTrofeos.swift */,
				44D14CB21E6BD42400E1DF59 /* ViewControllerConfiguraciones.swift */,
				442E2FD41E66025A00C6BA81 /* Main.storyboard */,
				442E2FD71E66025A00C6BA81 /* Assets.xcassets */,
				442E2FD91E66025A00C6BA81 /* LaunchScreen.storyboard */,
				442E2FDC1E66025A00C6BA81 /* Info.plist */,
			);
			path = NatureFinder;
			sourceTree = "<group>";
		};
/* End PBXGroup section */

/* Begin PBXNativeTarget section */
		442E2FCC1E66025A00C6BA81 /* NatureFinder */ = {
			isa = PBXNativeTarget;
			buildConfigurationList = 442E2FDF1E66025A00C6BA81 /* Build configuration list for PBXNativeTarget "NatureFinder" */;
			buildPhases = (
				442E2FC91E66025A00C6BA81 /* Sources */,
				442E2FCA1E66025A00C6BA81 /* Frameworks */,
				442E2FCB1E66025A00C6BA81 /* Resources */,
			);
			buildRules = (
			);
			dependencies = (
			);
			name = NatureFinder;
			productName = NatureFinder;
			productReference = 442E2FCD1E66025A00C6BA81 /* NatureFinder.app */;
			productType = "com.apple.product-type.application";
		};
/* End PBXNativeTarget section */

/* Begin PBXProject section */
		442E2FC51E66025A00C6BA81 /* Project object */ = {
			isa = PBXProject;
			attributes = {
				LastSwiftUpdateCheck = 0820;
				LastUpgradeCheck = 0820;
				ORGANIZATIONNAME = "Donato Alfonso Tovar De la Herran";
				TargetAttributes = {
					442E2FCC1E66025A00C6BA81 = {
						CreatedOnToolsVersion = 8.2.1;
						DevelopmentTeam = Z838L998Z3;
						ProvisioningStyle = Automatic;
					};
				};
			};
			buildConfigurationList = 442E2FC81E66025A00C6BA81 /* Build configuration list for PBXProject "NatureFinder" */;
			compatibilityVersion = "Xcode 3.2";
			developmentRegion = English;
			hasScannedForEncodings = 0;
			knownRegions = (
				en,
				Base,
			);
			mainGroup = 442E2FC41E66025A00C6BA81;
			productRefGroup = 442E2FCE1E66025A00C6BA81 /* Products */;
			projectDirPath = "";
			projectRoot = "";
			targets = (
				442E2FCC1E66025A00C6BA81 /* NatureFinder */,
			);
		};
/* End PBXProject section */

/* Begin PBXResourcesBuildPhase section */
		442E2FCB1E66025A00C6BA81 /* Resources */ = {
			isa = PBXResourcesBuildPhase;
			buildActionMask = 2147483647;
			files = (
				442E2FDB1E66025A00C6BA81 /* LaunchScreen.storyboard in Resources */,
				442E2FD81E66025A00C6BA81 /* Assets.xcassets in Resources */,
				442E2FD61E66025A00C6BA81 /* Main.storyboard in Resources */,
			);
			runOnlyForDeploymentPostprocessing = 0;
		};
/* End PBXResourcesBuildPhase section */

/* Begin PBXSourcesBuildPhase section */
		442E2FC91E66025A00C6BA81 /* Sources */ = {
			isa = PBXSourcesBuildPhase;
			buildActionMask = 2147483647;
			files = (
				442E2FD31E66025A00C6BA81 /* ViewController.swift in Sources */,
				44D14CB71E6CF0C700E1DF59 /* ViewControllerX.swift in Sources */,
				44D14CB31E6BD42400E1DF59 /* ViewControllerConfiguraciones.swift in Sources */,
				442E2FD11E66025A00C6BA81 /* AppDelegate.swift in Sources */,
				44D14CB51E6BD43D00E1DF59 /* ViewControllerTrofeos.swift in Sources */,
			);
			runOnlyForDeploymentPostprocessing = 0;
		};
/* End PBXSourcesBuildPhase section */

/* Begin PBXVariantGroup section */
		442E2FD41E66025A00C6BA81 /* Main.storyboard */ = {
			isa = PBXVariantGroup;
			children = (
				442E2FD51E66025A00C6BA81 /* Base */,
			);
			name = Main.storyboard;
			sourceTree = "<group>";
		};
		442E2FD91E66025A00C6BA81 /* LaunchScreen.storyboard */ = {
			isa = PBXVariantGroup;
			children = (
				442E2FDA1E66025A00C6BA81 /* Base */,
			);
			name = LaunchScreen.storyboard;
			sourceTree = "<group>";
		};
/* End PBXVariantGroup section */

/* Begin XCBuildConfiguration section */
		442E2FDD1E66025A00C6BA81 /* Debug */ = {
			isa = XCBuildConfiguration;
			buildSettings = {
				ALWAYS_SEARCH_USER_PATHS = NO;
				CLANG_ANALYZER_NONNULL = YES;
				CLANG_CXX_LANGUAGE_STANDARD = "gnu++0x";
				CLANG_CXX_LIBRARY = "libc++";
				CLANG_ENABLE_MODULES = YES;
				CLANG_ENABLE_OBJC_ARC = YES;
				CLANG_WARN_BOOL_CONVERSION = YES;
				CLANG_WARN_CONSTANT_CONVERSION = YES;
				CLANG_WARN_DIRECT_OBJC_ISA_USAGE = YES_ERROR;
				CLANG_WARN_DOCUMENTATION_COMMENTS = YES;
				CLANG_WARN_EMPTY_BODY = YES;
				CLANG_WARN_ENUM_CONVERSION = YES;
				CLANG_WARN_INFINITE_RECURSION = YES;
				CLANG_WARN_INT_CONVERSION = YES;
				CLANG_WARN_OBJC_ROOT_CLASS = YES_ERROR;
				CLANG_WARN_SUSPICIOUS_MOVE = YES;
				CLANG_WARN_UNREACHABLE_CODE = YES;
				CLANG_WARN__DUPLICATE_METHOD_MATCH = YES;
				"CODE_SIGN_IDENTITY[sdk=iphoneos*]" = "iPhone Developer";
				COPY_PHASE_STRIP = NO;
				DEBUG_INFORMATION_FORMAT = dwarf;
				ENABLE_STRICT_OBJC_MSGSEND = YES;
				ENABLE_TESTABILITY = YES;
				GCC_C_LANGUAGE_STANDARD = gnu99;
				GCC_DYNAMIC_NO_PIC = NO;
				GCC_NO_COMMON_BLOCKS = YES;
				GCC_OPTIMIZATION_LEVEL = 0;
				GCC_PREPROCESSOR_DEFINITIONS = (
					"DEBUG=1",
					"$(inherited)",
				);
				GCC_WARN_64_TO_32_BIT_CONVERSION = YES;
				GCC_WARN_ABOUT_RETURN_TYPE = YES_ERROR;
				GCC_WARN_UNDECLARED_SELECTOR = YES;
				GCC_WARN_UNINITIALIZED_AUTOS = YES_AGGRESSIVE;
				GCC_WARN_UNUSED_FUNCTION = YES;
				GCC_WARN_UNUSED_VARIABLE = YES;
				IPHONEOS_DEPLOYMENT_TARGET = 10.2;
				MTL_ENABLE_DEBUG_INFO = YES;
				ONLY_ACTIVE_ARCH = YES;
				SDKROOT = iphoneos;
				SWIFT_ACTIVE_COMPILATION_CONDITIONS = DEBUG;
				SWIFT_OPTIMIZATION_LEVEL = "-Onone";
			};
			name = Debug;
		};
		442E2FDE1E66025A00C6BA81 /* Release */ = {
			isa = XCBuildConfiguration;
			buildSettings = {
				ALWAYS_SEARCH_USER_PATHS = NO;
				CLANG_ANALYZER_NONNULL = YES;
				CLANG_CXX_LANGUAGE_STANDARD = "gnu++0x";
				CLANG_CXX_LIBRARY = "libc++";
				CLANG_ENABLE_MODULES = YES;
				CLANG_ENABLE_OBJC_ARC = YES;
				CLANG_WARN_BOOL_CONVERSION = YES;
				CLANG_WARN_CONSTANT_CONVERSION = YES;
				CLANG_WARN_DIRECT_OBJC_ISA_USAGE = YES_ERROR;
				CLANG_WARN_DOCUMENTATION_COMMENTS = YES;
				CLANG_WARN_EMPTY_BODY = YES;
				CLANG_WARN_ENUM_CONVERSION = YES;
				CLANG_WARN_INFINITE_RECURSION = YES;
				CLANG_WARN_INT_CONVERSION = YES;
				CLANG_WARN_OBJC_ROOT_CLASS = YES_ERROR;
				CLANG_WARN_SUSPICIOUS_MOVE = YES;
				CLANG_WARN_UNREACHABLE_CODE = YES;
				CLANG_WARN__DUPLICATE_METHOD_MATCH = YES;
				"CODE_SIGN_IDENTITY[sdk=iphoneos*]" = "iPhone Developer";
				COPY_PHASE_STRIP = NO;
				DEBUG_INFORMATION_FORMAT = "dwarf-with-dsym";
				ENABLE_NS_ASSERTIONS = NO;
				ENABLE_STRICT_OBJC_MSGSEND = YES;
				GCC_C_LANGUAGE_STANDARD = gnu99;
				GCC_NO_COMMON_BLOCKS = YES;
				GCC_WARN_64_TO_32_BIT_CONVERSION = YES;
				GCC_WARN_ABOUT_RETURN_TYPE = YES_ERROR;
				GCC_WARN_UNDECLARED_SELECTOR = YES;
				GCC_WARN_UNINITIALIZED_AUTOS = YES_AGGRESSIVE;
				GCC_WARN_UNUSED_FUNCTION = YES;
				GCC_WARN_UNUSED_VARIABLE = YES;
				IPHONEOS_DEPLOYMENT_TARGET = 10.2;
				MTL_ENABLE_DEBUG_INFO = NO;
				SDKROOT = iphoneos;
				SWIFT_OPTIMIZATION_LEVEL = "-Owholemodule";
				VALIDATE_PRODUCT = YES;
			};
			name = Release;
		};
		442E2FE01E66025A00C6BA81 /* Debug */ = {
			isa = XCBuildConfiguration;
			buildSettings = {
				ASSETCATALOG_COMPILER_APPICON_NAME = AppIcon;
				DEVELOPMENT_TEAM = Z838L998Z3;
				INFOPLIST_FILE = NatureFinder/Info.plist;
				LD_RUNPATH_SEARCH_PATHS = "$(inherited) @executable_path/Frameworks";
				PRODUCT_BUNDLE_IDENTIFIER = "Donato-Tovar.NatureFinder";
				PRODUCT_NAME = "$(TARGET_NAME)";
				SWIFT_VERSION = 3.0;
			};
			name = Debug;
		};
		442E2FE11E66025A00C6BA81 /* Release */ = {
			isa = XCBuildConfiguration;
			buildSettings = {
				ASSETCATALOG_COMPILER_APPICON_NAME = AppIcon;
				DEVELOPMENT_TEAM = Z838L998Z3;
				INFOPLIST_FILE = NatureFinder/Info.plist;
				LD_RUNPATH_SEARCH_PATHS = "$(inherited) @executable_path/Frameworks";
				PRODUCT_BUNDLE_IDENTIFIER = "Donato-Tovar.NatureFinder";
				PRODUCT_NAME = "$(TARGET_NAME)";
				SWIFT_VERSION = 3.0;
			};
			name = Release;
		};
/* End XCBuildConfiguration section */

/* Begin XCConfigurationList section */
		442E2FC81E66025A00C6BA81 /* Build configuration list for PBXProject "NatureFinder" */ = {
			isa = XCConfigurationList;
			buildConfigurations = (
				442E2FDD1E66025A00C6BA81 /* Debug */,
				442E2FDE1E66025A00C6BA81 /* Release */,
			);
			defaultConfigurationIsVisible = 0;
			defaultConfigurationName = Release;
		};
		442E2FDF1E66025A00C6BA81 /* Build configuration list for PBXNativeTarget "NatureFinder" */ = {
			isa = XCConfigurationList;
			buildConfigurations = (
				442E2FE01E66025A00C6BA81 /* Debug */,
				442E2FE11E66025A00C6BA81 /* Release */,
			);
			defaultConfigurationIsVisible = 0;
			defaultConfigurationName = Release;
		};
/* End XCConfigurationList section */
	};
	rootObject = 442E2FC51E66025A00C6BA81 /* Project object */;
}
